
Microsoft Visual Studio Solution File, Format Version 12.00
# Visual Studio Version 17
VisualStudioVersion = 17.7.34024.191
MinimumVisualStudioVersion = 10.0.40219.1
Project("{FAE04EC0-301F-11D3-BF4B-00C04F79EFBC}") = "Api", "Api\Api.csproj", "{33B9E13C-63C8-4F8A-94DA-EF5384961836}"
EndProject
Project("{FAE04EC0-301F-11D3-BF4B-00C04F79EFBC}") = "Logic", "Logic\Logic.csproj", "{9B72445D-CC3B-42A7-93BD-818761353236}"
EndProject
Project("{FAE04EC0-301F-11D3-BF4B-00C04F79EFBC}") = "Dal", "Dal\Dal.csproj", "{796B9D22-92EB-49EC-AE12-1EBFC7E681D1}"
EndProject
Global
	GlobalSection(SolutionConfigurationPlatforms) = preSolution
		Debug|Any CPU = Debug|Any CPU
		Release|Any CPU = Release|Any CPU
	EndGlobalSection
	GlobalSection(ProjectConfigurationPlatforms) = postSolution
		{33B9E13C-63C8-4F8A-94DA-EF5384961836}.Debug|Any CPU.ActiveCfg = Debug|Any CPU
		{33B9E13C-63C8-4F8A-94DA-EF5384961836}.Debug|Any CPU.Build.0 = Debug|Any CPU
		{33B9E13C-63C8-4F8A-94DA-EF5384961836}.Release|Any CPU.ActiveCfg = Release|Any CPU
		{33B9E13C-63C8-4F8A-94DA-EF5384961836}.Release|Any CPU.Build.0 = Release|Any CPU
		{9B72445D-CC3B-42A7-93BD-818761353236}.Debug|Any CPU.ActiveCfg = Debug|Any CPU
		{9B72445D-CC3B-42A7-93BD-818761353236}.Debug|Any CPU.Build.0 = Debug|Any CPU
		{9B72445D-CC3B-42A7-93BD-818761353236}.Release|Any CPU.ActiveCfg = Release|Any CPU
		{9B72445D-CC3B-42A7-93BD-818761353236}.Release|Any CPU.Build.0 = Release|Any CPU
		{796B9D22-92EB-49EC-AE12-1EBFC7E681D1}.Debug|Any CPU.ActiveCfg = Debug|Any CPU
		{796B9D22-92EB-49EC-AE12-1EBFC7E681D1}.Debug|Any CPU.Build.0 = Debug|Any CPU
		{796B9D22-92EB-49EC-AE12-1EBFC7E681D1}.Release|Any CPU.ActiveCfg = Release|Any CPU
		{796B9D22-92EB-49EC-AE12-1EBFC7E681D1}.Release|Any CPU.Build.0 = Release|Any CPU
	EndGlobalSection
	GlobalSection(SolutionProperties) = preSolution
		HideSolutionNode = FALSE
	EndGlobalSection
	GlobalSection(ExtensibilityGlobals) = postSolution
		SolutionGuid = {712972D7-E94E-4751-A287-744684D83451}
	EndGlobalSection
EndGlobal
